
Microsoft Visual Studio Solution File, Format Version 12.00
# Visual Studio Version 16
VisualStudioVersion = 16.0.31005.135
MinimumVisualStudioVersion = 10.0.40219.1
Project("{FAE04EC0-301F-11D3-BF4B-00C04F79EFBC}") = "KeyAuth Autologin By It's Networking", "KeyAuth Autologin By It's Networking\KeyAuth Autologin By It's Networking.csproj", "{22D6A32D-BADA-4B31-AEAB-158405423145}"
EndProject
Global
	GlobalSection(SolutionConfigurationPlatforms) = preSolution
		Debug|Any CPU = Debug|Any CPU
		Release|Any CPU = Release|Any CPU
	EndGlobalSection
	GlobalSection(ProjectConfigurationPlatforms) = postSolution
		{22D6A32D-BADA-4B31-AEAB-158405423145}.Debug|Any CPU.ActiveCfg = Debug|Any CPU
		{22D6A32D-BADA-4B31-AEAB-158405423145}.Debug|Any CPU.Build.0 = Debug|Any CPU
		{22D6A32D-BADA-4B31-AEAB-158405423145}.Release|Any CPU.ActiveCfg = Release|Any CPU
		{22D6A32D-BADA-4B31-AEAB-158405423145}.Release|Any CPU.Build.0 = Release|Any CPU
	EndGlobalSection
	GlobalSection(SolutionProperties) = preSolution
		HideSolutionNode = FALSE
	EndGlobalSection
	GlobalSection(ExtensibilityGlobals) = postSolution
		SolutionGuid = {DC8798EE-E2CF-4E32-8B74-4CA36A42A72B}
	EndGlobalSection
EndGlobal
